
Microsoft Visual Studio Solution File, Format Version 12.00
# Visual Studio 2012
Project("{FAE04EC0-301F-11D3-BF4B-00C04F79EFBC}") = "WmsCore.Api", "WmsCore.Api\WmsCore.Api.csproj", "{4136A138-CAFA-49C4-9259-EA6054D4CA6A}"
EndProject
Project("{FAE04EC0-301F-11D3-BF4B-00C04F79EFBC}") = "WmsCore.Dao", "WmsCore.Dao\WmsCore.Dao.csproj", "{4216757B-9458-4A94-8E25-C356E56BF5CD}"
EndProject
Global
	GlobalSection(SolutionConfigurationPlatforms) = preSolution
		Debug|Any CPU = Debug|Any CPU
		Release|Any CPU = Release|Any CPU
	EndGlobalSection
	GlobalSection(ProjectConfigurationPlatforms) = postSolution
		{4136A138-CAFA-49C4-9259-EA6054D4CA6A}.Debug|Any CPU.ActiveCfg = Debug|Any CPU
		{4136A138-CAFA-49C4-9259-EA6054D4CA6A}.Debug|Any CPU.Build.0 = Debug|Any CPU
		{4136A138-CAFA-49C4-9259-EA6054D4CA6A}.Release|Any CPU.ActiveCfg = Release|Any CPU
		{4136A138-CAFA-49C4-9259-EA6054D4CA6A}.Release|Any CPU.Build.0 = Release|Any CPU
		{4216757B-9458-4A94-8E25-C356E56BF5CD}.Debug|Any CPU.ActiveCfg = Debug|Any CPU
		{4216757B-9458-4A94-8E25-C356E56BF5CD}.Debug|Any CPU.Build.0 = Debug|Any CPU
		{4216757B-9458-4A94-8E25-C356E56BF5CD}.Release|Any CPU.ActiveCfg = Release|Any CPU
		{4216757B-9458-4A94-8E25-C356E56BF5CD}.Release|Any CPU.Build.0 = Release|Any CPU
	EndGlobalSection
	GlobalSection(SolutionProperties) = preSolution
		HideSolutionNode = FALSE
	EndGlobalSection
EndGlobal
